
Microsoft Visual Studio Solution File, Format Version 12.00
# Visual Studio 14
VisualStudioVersion = 14.0.25123.0
MinimumVisualStudioVersion = 10.0.40219.1
Project("{FAE04EC0-301F-11D3-BF4B-00C04F79EFBC}") = "OnlineShop.Common", "OnlineShop.Common\OnlineShop.Common.csproj", "{78F89D88-11E1-47AE-8F03-80533356A944}"
EndProject
Project("{FAE04EC0-301F-11D3-BF4B-00C04F79EFBC}") = "OnlineShop.Model", "OnlineShop.Model\OnlineShop.Model.csproj", "{3F1DC360-AF00-4DAC-A546-898FD44F801F}"
EndProject
Project("{FAE04EC0-301F-11D3-BF4B-00C04F79EFBC}") = "OnlineShop.Data", "OnlineShop.Data\OnlineShop.Data.csproj", "{7B1745D5-ED0D-480A-A976-1D8C6A3657EE}"
EndProject
Project("{FAE04EC0-301F-11D3-BF4B-00C04F79EFBC}") = "OnlineShop.Service", "OnlineShop.Service\OnlineShop.Service.csproj", "{71CAD6FA-CD71-4734-9BFA-2038243688B2}"
EndProject
Project("{FAE04EC0-301F-11D3-BF4B-00C04F79EFBC}") = "OnlineShop.UnitTest", "OnlineShop.UnitTest\OnlineShop.UnitTest.csproj", "{6DF92422-FD33-4E90-A61A-E7F3A6CB47E7}"
EndProject
Project("{FAE04EC0-301F-11D3-BF4B-00C04F79EFBC}") = "OnlineShop.Web", "OnlineShop.Web\OnlineShop.Web.csproj", "{725DC34D-C09D-41CC-8A3A-3DABEBEEF9D6}"
EndProject
Global
	GlobalSection(SolutionConfigurationPlatforms) = preSolution
		Debug|Any CPU = Debug|Any CPU
		Release|Any CPU = Release|Any CPU
	EndGlobalSection
	GlobalSection(ProjectConfigurationPlatforms) = postSolution
		{78F89D88-11E1-47AE-8F03-80533356A944}.Debug|Any CPU.ActiveCfg = Debug|Any CPU
		{78F89D88-11E1-47AE-8F03-80533356A944}.Debug|Any CPU.Build.0 = Debug|Any CPU
		{78F89D88-11E1-47AE-8F03-80533356A944}.Release|Any CPU.ActiveCfg = Release|Any CPU
		{78F89D88-11E1-47AE-8F03-80533356A944}.Release|Any CPU.Build.0 = Release|Any CPU
		{3F1DC360-AF00-4DAC-A546-898FD44F801F}.Debug|Any CPU.ActiveCfg = Debug|Any CPU
		{3F1DC360-AF00-4DAC-A546-898FD44F801F}.Debug|Any CPU.Build.0 = Debug|Any CPU
		{3F1DC360-AF00-4DAC-A546-898FD44F801F}.Release|Any CPU.ActiveCfg = Release|Any CPU
		{3F1DC360-AF00-4DAC-A546-898FD44F801F}.Release|Any CPU.Build.0 = Release|Any CPU
		{7B1745D5-ED0D-480A-A976-1D8C6A3657EE}.Debug|Any CPU.ActiveCfg = Debug|Any CPU
		{7B1745D5-ED0D-480A-A976-1D8C6A3657EE}.Debug|Any CPU.Build.0 = Debug|Any CPU
		{7B1745D5-ED0D-480A-A976-1D8C6A3657EE}.Release|Any CPU.ActiveCfg = Release|Any CPU
		{7B1745D5-ED0D-480A-A976-1D8C6A3657EE}.Release|Any CPU.Build.0 = Release|Any CPU
		{71CAD6FA-CD71-4734-9BFA-2038243688B2}.Debug|Any CPU.ActiveCfg = Debug|Any CPU
		{71CAD6FA-CD71-4734-9BFA-2038243688B2}.Debug|Any CPU.Build.0 = Debug|Any CPU
		{71CAD6FA-CD71-4734-9BFA-2038243688B2}.Release|Any CPU.ActiveCfg = Release|Any CPU
		{71CAD6FA-CD71-4734-9BFA-2038243688B2}.Release|Any CPU.Build.0 = Release|Any CPU
		{6DF92422-FD33-4E90-A61A-E7F3A6CB47E7}.Debug|Any CPU.ActiveCfg = Debug|Any CPU
		{6DF92422-FD33-4E90-A61A-E7F3A6CB47E7}.Debug|Any CPU.Build.0 = Debug|Any CPU
		{6DF92422-FD33-4E90-A61A-E7F3A6CB47E7}.Release|Any CPU.ActiveCfg = Release|Any CPU
		{6DF92422-FD33-4E90-A61A-E7F3A6CB47E7}.Release|Any CPU.Build.0 = Release|Any CPU
		{725DC34D-C09D-41CC-8A3A-3DABEBEEF9D6}.Debug|Any CPU.ActiveCfg = Debug|Any CPU
		{725DC34D-C09D-41CC-8A3A-3DABEBEEF9D6}.Debug|Any CPU.Build.0 = Debug|Any CPU
		{725DC34D-C09D-41CC-8A3A-3DABEBEEF9D6}.Release|Any CPU.ActiveCfg = Release|Any CPU
		{725DC34D-C09D-41CC-8A3A-3DABEBEEF9D6}.Release|Any CPU.Build.0 = Release|Any CPU
	EndGlobalSection
	GlobalSection(SolutionProperties) = preSolution
		HideSolutionNode = FALSE
	EndGlobalSection
EndGlobal
